
Microsoft Visual Studio Solution File, Format Version 12.00
# Visual Studio Version 17
VisualStudioVersion = 17.6.33829.357
MinimumVisualStudioVersion = 10.0.40219.1
Project("{8BC9CEB8-8B4A-11D0-8D11-00A0C91BC942}") = "HackerRankQuestions", "HackerRankQuestions\HackerRankQuestions.vcxproj", "{29661DE1-BEA6-4A3A-88F6-7FA7B2A1E098}"
EndProject
Project("{8BC9CEB8-8B4A-11D0-8D11-00A0C91BC942}") = "For Loop", "For Loop\For Loop.vcxproj", "{B4955CCE-CC07-4042-BA39-C1E1D9689B26}"
EndProject
Project("{8BC9CEB8-8B4A-11D0-8D11-00A0C91BC942}") = "MaxOfFour", "MaxOfFour\MaxOfFour.vcxproj", "{1C1965F2-7FBA-41B0-AFF7-0BA098BE2321}"
EndProject
Project("{8BC9CEB8-8B4A-11D0-8D11-00A0C91BC942}") = "Pointers", "Pointers\Pointers.vcxproj", "{F6809E33-B7FE-49C0-BA55-80EC1D1F6B58}"
EndProject
Project("{8BC9CEB8-8B4A-11D0-8D11-00A0C91BC942}") = "Arrays", "Arrays\Arrays.vcxproj", "{814DA3A3-D87F-4E56-8EDD-F55D631CDA90}"
EndProject
Project("{8BC9CEB8-8B4A-11D0-8D11-00A0C91BC942}") = "Variable Sized Arrays", "Variable Sized Arrays\Variable Sized Arrays.vcxproj", "{885F4BA3-50CC-4FD2-A024-2B4D67001515}"
EndProject
Project("{8BC9CEB8-8B4A-11D0-8D11-00A0C91BC942}") = "StringStream", "StringStream\StringStream.vcxproj", "{927A00C0-EB02-40CB-8CFD-BEE3E59DF9E0}"
EndProject
Project("{8BC9CEB8-8B4A-11D0-8D11-00A0C91BC942}") = "Attribute Parser", "Attribute Parser\Attribute Parser.vcxproj", "{5AC7BAB4-D728-45D5-9A3C-DD49F5BB7DF3}"
EndProject
Global
	GlobalSection(SolutionConfigurationPlatforms) = preSolution
		Debug|x64 = Debug|x64
		Debug|x86 = Debug|x86
		Release|x64 = Release|x64
		Release|x86 = Release|x86
	EndGlobalSection
	GlobalSection(ProjectConfigurationPlatforms) = postSolution
		{29661DE1-BEA6-4A3A-88F6-7FA7B2A1E098}.Debug|x64.ActiveCfg = Debug|x64
		{29661DE1-BEA6-4A3A-88F6-7FA7B2A1E098}.Debug|x64.Build.0 = Debug|x64
		{29661DE1-BEA6-4A3A-88F6-7FA7B2A1E098}.Debug|x86.ActiveCfg = Debug|Win32
		{29661DE1-BEA6-4A3A-88F6-7FA7B2A1E098}.Debug|x86.Build.0 = Debug|Win32
		{29661DE1-BEA6-4A3A-88F6-7FA7B2A1E098}.Release|x64.ActiveCfg = Release|x64
		{29661DE1-BEA6-4A3A-88F6-7FA7B2A1E098}.Release|x64.Build.0 = Release|x64
		{29661DE1-BEA6-4A3A-88F6-7FA7B2A1E098}.Release|x86.ActiveCfg = Release|Win32
		{29661DE1-BEA6-4A3A-88F6-7FA7B2A1E098}.Release|x86.Build.0 = Release|Win32
		{B4955CCE-CC07-4042-BA39-C1E1D9689B26}.Debug|x64.ActiveCfg = Debug|x64
		{B4955CCE-CC07-4042-BA39-C1E1D9689B26}.Debug|x64.Build.0 = Debug|x64
		{B4955CCE-CC07-4042-BA39-C1E1D9689B26}.Debug|x86.ActiveCfg = Debug|Win32
		{B4955CCE-CC07-4042-BA39-C1E1D9689B26}.Debug|x86.Build.0 = Debug|Win32
		{B4955CCE-CC07-4042-BA39-C1E1D9689B26}.Release|x64.ActiveCfg = Release|x64
		{B4955CCE-CC07-4042-BA39-C1E1D9689B26}.Release|x64.Build.0 = Release|x64
		{B4955CCE-CC07-4042-BA39-C1E1D9689B26}.Release|x86.ActiveCfg = Release|Win32
		{B4955CCE-CC07-4042-BA39-C1E1D9689B26}.Release|x86.Build.0 = Release|Win32
		{1C1965F2-7FBA-41B0-AFF7-0BA098BE2321}.Debug|x64.ActiveCfg = Debug|x64
		{1C1965F2-7FBA-41B0-AFF7-0BA098BE2321}.Debug|x64.Build.0 = Debug|x64
		{1C1965F2-7FBA-41B0-AFF7-0BA098BE2321}.Debug|x86.ActiveCfg = Debug|Win32
		{1C1965F2-7FBA-41B0-AFF7-0BA098BE2321}.Debug|x86.Build.0 = Debug|Win32
		{1C1965F2-7FBA-41B0-AFF7-0BA098BE2321}.Release|x64.ActiveCfg = Release|x64
		{1C1965F2-7FBA-41B0-AFF7-0BA098BE2321}.Release|x64.Build.0 = Release|x64
		{1C1965F2-7FBA-41B0-AFF7-0BA098BE2321}.Release|x86.ActiveCfg = Release|Win32
		{1C1965F2-7FBA-41B0-AFF7-0BA098BE2321}.Release|x86.Build.0 = Release|Win32
		{F6809E33-B7FE-49C0-BA55-80EC1D1F6B58}.Debug|x64.ActiveCfg = Debug|x64
		{F6809E33-B7FE-49C0-BA55-80EC1D1F6B58}.Debug|x64.Build.0 = Debug|x64
		{F6809E33-B7FE-49C0-BA55-80EC1D1F6B58}.Debug|x86.ActiveCfg = Debug|Win32
		{F6809E33-B7FE-49C0-BA55-80EC1D1F6B58}.Debug|x86.Build.0 = Debug|Win32
		{F6809E33-B7FE-49C0-BA55-80EC1D1F6B58}.Release|x64.ActiveCfg = Release|x64
		{F6809E33-B7FE-49C0-BA55-80EC1D1F6B58}.Release|x64.Build.0 = Release|x64
		{F6809E33-B7FE-49C0-BA55-80EC1D1F6B58}.Release|x86.ActiveCfg = Release|Win32
		{F6809E33-B7FE-49C0-BA55-80EC1D1F6B58}.Release|x86.Build.0 = Release|Win32
		{814DA3A3-D87F-4E56-8EDD-F55D631CDA90}.Debug|x64.ActiveCfg = Debug|x64
		{814DA3A3-D87F-4E56-8EDD-F55D631CDA90}.Debug|x64.Build.0 = Debug|x64
		{814DA3A3-D87F-4E56-8EDD-F55D631CDA90}.Debug|x86.ActiveCfg = Debug|Win32
		{814DA3A3-D87F-4E56-8EDD-F55D631CDA90}.Debug|x86.Build.0 = Debug|Win32
		{814DA3A3-D87F-4E56-8EDD-F55D631CDA90}.Release|x64.ActiveCfg = Release|x64
		{814DA3A3-D87F-4E56-8EDD-F55D631CDA90}.Release|x64.Build.0 = Release|x64
		{814DA3A3-D87F-4E56-8EDD-F55D631CDA90}.Release|x86.ActiveCfg = Release|Win32
		{814DA3A3-D87F-4E56-8EDD-F55D631CDA90}.Release|x86.Build.0 = Release|Win32
		{885F4BA3-50CC-4FD2-A024-2B4D67001515}.Debug|x64.ActiveCfg = Debug|x64
		{885F4BA3-50CC-4FD2-A024-2B4D67001515}.Debug|x64.Build.0 = Debug|x64
		{885F4BA3-50CC-4FD2-A024-2B4D67001515}.Debug|x86.ActiveCfg = Debug|Win32
		{885F4BA3-50CC-4FD2-A024-2B4D67001515}.Debug|x86.Build.0 = Debug|Win32
		{885F4BA3-50CC-4FD2-A024-2B4D67001515}.Release|x64.ActiveCfg = Release|x64
		{885F4BA3-50CC-4FD2-A024-2B4D67001515}.Release|x64.Build.0 = Release|x64
		{885F4BA3-50CC-4FD2-A024-2B4D67001515}.Release|x86.ActiveCfg = Release|Win32
		{885F4BA3-50CC-4FD2-A024-2B4D67001515}.Release|x86.Build.0 = Release|Win32
		{927A00C0-EB02-40CB-8CFD-BEE3E59DF9E0}.Debug|x64.ActiveCfg = Debug|x64
		{927A00C0-EB02-40CB-8CFD-BEE3E59DF9E0}.Debug|x64.Build.0 = Debug|x64
		{927A00C0-EB02-40CB-8CFD-BEE3E59DF9E0}.Debug|x86.ActiveCfg = Debug|Win32
		{927A00C0-EB02-40CB-8CFD-BEE3E59DF9E0}.Debug|x86.Build.0 = Debug|Win32
		{927A00C0-EB02-40CB-8CFD-BEE3E59DF9E0}.Release|x64.ActiveCfg = Release|x64
		{927A00C0-EB02-40CB-8CFD-BEE3E59DF9E0}.Release|x64.Build.0 = Release|x64
		{927A00C0-EB02-40CB-8CFD-BEE3E59DF9E0}.Release|x86.ActiveCfg = Release|Win32
		{927A00C0-EB02-40CB-8CFD-BEE3E59DF9E0}.Release|x86.Build.0 = Release|Win32
		{5AC7BAB4-D728-45D5-9A3C-DD49F5BB7DF3}.Debug|x64.ActiveCfg = Debug|x64
		{5AC7BAB4-D728-45D5-9A3C-DD49F5BB7DF3}.Debug|x64.Build.0 = Debug|x64
		{5AC7BAB4-D728-45D5-9A3C-DD49F5BB7DF3}.Debug|x86.ActiveCfg = Debug|Win32
		{5AC7BAB4-D728-45D5-9A3C-DD49F5BB7DF3}.Debug|x86.Build.0 = Debug|Win32
		{5AC7BAB4-D728-45D5-9A3C-DD49F5BB7DF3}.Release|x64.ActiveCfg = Release|x64
		{5AC7BAB4-D728-45D5-9A3C-DD49F5BB7DF3}.Release|x64.Build.0 = Release|x64
		{5AC7BAB4-D728-45D5-9A3C-DD49F5BB7DF3}.Release|x86.ActiveCfg = Release|Win32
		{5AC7BAB4-D728-45D5-9A3C-DD49F5BB7DF3}.Release|x86.Build.0 = Release|Win32
	EndGlobalSection
	GlobalSection(SolutionProperties) = preSolution
		HideSolutionNode = FALSE
	EndGlobalSection
	GlobalSection(ExtensibilityGlobals) = postSolution
		SolutionGuid = {394C3B26-B07C-450A-9916-E6C41CD016EE}
	EndGlobalSection
EndGlobal
